PODS:
  - PopupDialog (0.5.0)
  - UIImageColors (1.2.1)

DEPENDENCIES:
  - PopupDialog
  - UIImageColors

SPEC REPOS:
  trunk:
    - PopupDialog
    - UIImageColors

SPEC CHECKSUMS:
  PopupDialog: 9890441b81105b9076757af2afe2b037be682f3e
  UIImageColors: 4daac49e88772d37d3f5a02b7abec9f85346497c

PODFILE CHECKSUM: 69b3d1e9ad31295d25c3922d64425caaf1c7a1a0

COCOAPODS: 1.11.2
